// !$*UTF8*$!
{
	archiveVersion = 1;
	classes = {
	};
	objectVersion = 50;
	objects = {

/* Begin PBXBuildFile section */
		9FF6AD7C23941F400026063D /* AppDelegate.swift in Sources */ = {isa = PBXBuildFile; fileRef = 9FF6AD7B23941F400026063D /* AppDelegate.swift */; };
		9FF6AD7E23941F400026063D /* SceneDelegate.swift in Sources */ = {isa = PBXBuildFile; fileRef = 9FF6AD7D23941F400026063D /* SceneDelegate.swift */; };
		9FF6AD8023941F400026063D /* ContentView.swift in Sources */ = {isa = PBXBuildFile; fileRef = 9FF6AD7F23941F400026063D /* ContentView.swift */; };
		9FF6AD8223941F410026063D /* Assets.xcassets in Resources */ = {isa = PBXBuildFile; fileRef = 9FF6AD8123941F410026063D /* Assets.xcassets */; };
		9FF6AD8523941F410026063D /* Preview Assets.xcassets in Resources */ = {isa = PBXBuildFile; fileRef = 9FF6AD8423941F410026063D /* Preview Assets.xcassets */; };
		9FF6AD8823941F410026063D /* LaunchScreen.storyboard in Resources */ = {isa = PBXBuildFile; fileRef = 9FF6AD8623941F410026063D /* LaunchScreen.storyboard */; };
/* End PBXBuildFile section */

/* Begin PBXFileReference section */
		9FF6AD7823941F400026063D /* Lazy Pop SwiftUI.app */ = {isa = PBXFileReference; explicitFileType = wrapper.application; includeInIndex = 0; path = "Lazy Pop SwiftUI.app"; sourceTree = BUILT_PRODUCTS_DIR; };
		9FF6AD7B23941F400026063D /* AppDelegate.swift */ = {isa = PBXFileReference; lastKnownFileType = sourcecode.swift; path = AppDelegate.swift; sourceTree = "<group>"; };
		9FF6AD7D23941F400026063D /* SceneDelegate.swift */ = {isa = PBXFileReference; lastKnownFileType = sourcecode.swift; path = SceneDelegate.swift; sourceTree = "<group>"; };
		9FF6AD7F23941F400026063D /* ContentView.swift */ = {isa = PBXFileReference; lastKnownFileType = sourcecode.swift; path = ContentView.swift; sourceTree = "<group>"; };
		9FF6AD8123941F410026063D /* Assets.xcassets */ = {isa = PBXFileReference; lastKnownFileType = folder.assetcatalog; path = Assets.xcassets; sourceTree = "<group>"; };
		9FF6AD8423941F410026063D /* Preview Assets.xcassets */ = {isa = PBXFileReference; lastKnownFileType = folder.assetcatalog; path = "Preview Assets.xcassets"; sourceTree = "<group>"; };
		9FF6AD8723941F410026063D /* Base */ = {isa = PBXFileReference; lastKnownFileType = file.storyboard; name = Base; path = Base.lproj/LaunchScreen.storyboard; sourceTree = "<group>"; };
		9FF6AD8923941F410026063D /* Info.plist */ = {isa = PBXFileReference; lastKnownFileType = text.plist.xml; path = Info.plist; sourceTree = "<group>"; };
/* End PBXFileReference section */

/* Begin PBXFrameworksBuildPhase section */
		9FF6AD7523941F400026063D /* Frameworks */ = {
			isa = PBXFrameworksBuildPhase;
			buildActionMask = 2147483647;
			files = (
			);
			runOnlyForDeploymentPostprocessing = 0;
		};
/* End PBXFrameworksBuildPhase section */

/* Begin PBXGroup section */
		9FF6AD6F23941F400026063D = {
			isa = PBXGroup;
			children = (
				9FF6AD7A23941F400026063D /* Lazy Pop SwiftUI */,
				9FF6AD7923941F400026063D /* Products */,
			);
			sourceTree = "<group>";
		};
		9FF6AD7923941F400026063D /* Products */ = {
			isa = PBXGroup;
			children = (
				9FF6AD7823941F400026063D /* Lazy Pop SwiftUI.app */,
			);
			name = Products;
			sourceTree = "<group>";
		};
		9FF6AD7A23941F400026063D /* Lazy Pop SwiftUI */ = {
			isa = PBXGroup;
			children = (
				9FF6AD7B23941F400026063D /* AppDelegate.swift */,
				9FF6AD7D23941F400026063D /* SceneDelegate.swift */,
				9FF6AD7F23941F400026063D /* ContentView.swift */,
				9FF6AD8123941F410026063D /* Assets.xcassets */,
				9FF6AD8623941F410026063D /* LaunchScreen.storyboard */,
				9FF6AD8923941F410026063D /* Info.plist */,
				9FF6AD8323941F410026063D /* Preview Content */,
			);
			path = "Lazy Pop SwiftUI";
			sourceTree = "<group>";
		};
		9FF6AD8323941F410026063D /* Preview Content */ = {
			isa = PBXGroup;
			children = (
				9FF6AD8423941F410026063D /* Preview Assets.xcassets */,
			);
			path = "Preview Content";
			sourceTree = "<group>";
		};
/* End PBXGroup section */

/* Begin PBXNativeTarget section */
		9FF6AD7723941F400026063D /* Lazy Pop SwiftUI */ = {
			isa = PBXNativeTarget;
			buildConfigurationList = 9FF6AD8C23941F410026063D /* Build configuration list for PBXNativeTarget "Lazy Pop SwiftUI" */;
			buildPhases = (
				9FF6AD7423941F400026063D /* Sources */,
				9FF6AD7523941F400026063D /* Frameworks */,
				9FF6AD7623941F400026063D /* Resources */,
			);
			buildRules = (
			);
			dependencies = (
			);
			name = "Lazy Pop SwiftUI";
			productName = "Lazy Pop SwiftUI";
			productReference = 9FF6AD7823941F400026063D /* Lazy Pop SwiftUI.app */;
			productType = "com.apple.product-type.application";
		};
/* End PBXNativeTarget section */

/* Begin PBXProject section */
		9FF6AD7023941F400026063D /* Project object */ = {
			isa = PBXProject;
			attributes = {
				LastSwiftUpdateCheck = 1120;
				LastUpgradeCheck = 1120;
				ORGANIZATIONNAME = "Joseph Hinkle";
				TargetAttributes = {
					9FF6AD7723941F400026063D = {
						CreatedOnToolsVersion = 11.2.1;
					};
				};
			};
			buildConfigurationList = 9FF6AD7323941F400026063D /* Build configuration list for PBXProject "Lazy Pop SwiftUI" */;
			compatibilityVersion = "Xcode 9.3";
			developmentRegion = en;
			hasScannedForEncodings = 0;
			knownRegions = (
				en,
				Base,
			);
			mainGroup = 9FF6AD6F23941F400026063D;
			productRefGroup = 9FF6AD7923941F400026063D /* Products */;
			projectDirPath = "";
			projectRoot = "";
			targets = (
				9FF6AD7723941F400026063D /* Lazy Pop SwiftUI */,
			);
		};
/* End PBXProject section */

/* Begin PBXResourcesBuildPhase section */
		9FF6AD7623941F400026063D /* Resources */ = {
			isa = PBXResourcesBuildPhase;
			buildActionMask = 2147483647;
			files = (
				9FF6AD8823941F410026063D /* LaunchScreen.storyboard in Resources */,
				9FF6AD8523941F410026063D /* Preview Assets.xcassets in Resources */,
				9FF6AD8223941F410026063D /* Assets.xcassets in Resources */,
			);
			runOnlyForDeploymentPostprocessing = 0;
		};
/* End PBXResourcesBuildPhase section */

/* Begin PBXSourcesBuildPhase section */
		9FF6AD7423941F400026063D /* Sources */ = {
			isa = PBXSourcesBuildPhase;
			buildActionMask = 2147483647;
			files = (
				9FF6AD7C23941F400026063D /* AppDelegate.swift in Sources */,
				9FF6AD7E23941F400026063D /* SceneDelegate.swift in Sources */,
				9FF6AD8023941F400026063D /* ContentView.swift in Sources */,
			);
			runOnlyForDeploymentPostprocessing = 0;
		};
/* End PBXSourcesBuildPhase section */

/* Begin PBXVariantGroup section */
		9FF6AD8623941F410026063D /* LaunchScreen.storyboard */ = {
			isa = PBXVariantGroup;
			children = (
				9FF6AD8723941F410026063D /* Base */,
			);
			name = LaunchScreen.storyboard;
			sourceTree = "<group>";
		};
/* End PBXVariantGroup section */

/* Begin XCBuildConfiguration section */
		9FF6AD8A23941F410026063D /* Debug */ = {
			isa = XCBuildConfiguration;
			buildSettings = {
				ALWAYS_SEARCH_USER_PATHS = NO;
				CLANG_ANALYZER_NONNULL = YES;
				CLANG_ANALYZER_NUMBER_OBJECT_CONVERSION = YES_AGGRESSIVE;
				CLANG_CXX_LANGUAGE_STANDARD = "gnu++14";
				CLANG_CXX_LIBRARY = "libc++";
				CLANG_ENABLE_MODULES = YES;
				CLANG_ENABLE_OBJC_ARC = YES;
				CLANG_ENABLE_OBJC_WEAK = YES;
				CLANG_WARN_BLOCK_CAPTURE_AUTORELEASING = YES;
				CLANG_WARN_BOOL_CONVERSION = YES;
				CLANG_WARN_COMMA = YES;
				CLANG_WARN_CONSTANT_CONVERSION = YES;
				CLANG_WARN_DEPRECATED_OBJC_IMPLEMENTATIONS = YES;
				CLANG_WARN_DIRECT_OBJC_ISA_USAGE = YES_ERROR;
				CLANG_WARN_DOCUMENTATION_COMMENTS = YES;
				CLANG_WARN_EMPTY_BODY = YES;
				CLANG_WARN_ENUM_CONVERSION = YES;
				CLANG_WARN_INFINITE_RECURSION = YES;
				CLANG_WARN_INT_CONVERSION = YES;
				CLANG_WARN_NON_LITERAL_NULL_CONVERSION = YES;
				CLANG_WARN_OBJC_IMPLICIT_RETAIN_SELF = YES;
				CLANG_WARN_OBJC_LITERAL_CONVERSION = YES;
				CLANG_WARN_OBJC_ROOT_CLASS = YES_ERROR;
				CLANG_WARN_RANGE_LOOP_ANALYSIS = YES;
				CLANG_WARN_STRICT_PROTOTYPES = YES;
				CLANG_WARN_SUSPICIOUS_MOVE = YES;
				CLANG_WARN_UNGUARDED_AVAILABILITY = YES_AGGRESSIVE;
				CLANG_WARN_UNREACHABLE_CODE = YES;
				CLANG_WARN__DUPLICATE_METHOD_MATCH = YES;
				COPY_PHASE_STRIP = NO;
				DEBUG_INFORMATION_FORMAT = dwarf;
				ENABLE_STRICT_OBJC_MSGSEND = YES;
				ENABLE_TESTABILITY = YES;
				GCC_C_LANGUAGE_STANDARD = gnu11;
				GCC_DYNAMIC_NO_PIC = NO;
				GCC_NO_COMMON_BLOCKS = YES;
				GCC_OPTIMIZATION_LEVEL = 0;
				GCC_PREPROCESSOR_DEFINITIONS = (
					"DEBUG=1",
					"$(inherited)",
				);
				GCC_WARN_64_TO_32_BIT_CONVERSION = YES;
				GCC_WARN_ABOUT_RETURN_TYPE = YES_ERROR;
				GCC_WARN_UNDECLARED_SELECTOR = YES;
				GCC_WARN_UNINITIALIZED_AUTOS = YES_AGGRESSIVE;
				GCC_WARN_UNUSED_FUNCTION = YES;
				GCC_WARN_UNUSED_VARIABLE = YES;
				IPHONEOS_DEPLOYMENT_TARGET = 13.1;
				MTL_ENABLE_DEBUG_INFO = INCLUDE_SOURCE;
				MTL_FAST_MATH = YES;
				ONLY_ACTIVE_ARCH = YES;
				SDKROOT = iphoneos;
				SWIFT_ACTIVE_COMPILATION_CONDITIONS = DEBUG;
				SWIFT_OPTIMIZATION_LEVEL = "-Onone";
			};
			name = Debug;
		};
		9FF6AD8B23941F410026063D /* Release */ = {
			isa = XCBuildConfiguration;
			buildSettings = {
				ALWAYS_SEARCH_USER_PATHS = NO;
				CLANG_ANALYZER_NONNULL = YES;
				CLANG_ANALYZER_NUMBER_OBJECT_CONVERSION = YES_AGGRESSIVE;
				CLANG_CXX_LANGUAGE_STANDARD = "gnu++14";
				CLANG_CXX_LIBRARY = "libc++";
				CLANG_ENABLE_MODULES = YES;
				CLANG_ENABLE_OBJC_ARC = YES;
				CLANG_ENABLE_OBJC_WEAK = YES;
				CLANG_WARN_BLOCK_CAPTURE_AUTORELEASING = YES;
				CLANG_WARN_BOOL_CONVERSION = YES;
				CLANG_WARN_COMMA = YES;
				CLANG_WARN_CONSTANT_CONVERSION = YES;
				CLANG_WARN_DEPRECATED_OBJC_IMPLEMENTATIONS = YES;
				CLANG_WARN_DIRECT_OBJC_ISA_USAGE = YES_ERROR;
				CLANG_WARN_DOCUMENTATION_COMMENTS = YES;
				CLANG_WARN_EMPTY_BODY = YES;
				CLANG_WARN_ENUM_CONVERSION = YES;
				CLANG_WARN_INFINITE_RECURSION = YES;
				CLANG_WARN_INT_CONVERSION = YES;
				CLANG_WARN_NON_LITERAL_NULL_CONVERSION = YES;
				CLANG_WARN_OBJC_IMPLICIT_RETAIN_SELF = YES;
				CLANG_WARN_OBJC_LITERAL_CONVERSION = YES;
				CLANG_WARN_OBJC_ROOT_CLASS = YES_ERROR;
				CLANG_WARN_RANGE_LOOP_ANALYSIS = YES;
				CLANG_WARN_STRICT_PROTOTYPES = YES;
				CLANG_WARN_SUSPICIOUS_MOVE = YES;
				CLANG_WARN_UNGUARDED_AVAILABILITY = YES_AGGRESSIVE;
				CLANG_WARN_UNREACHABLE_CODE = YES;
				CLANG_WARN__DUPLICATE_METHOD_MATCH = YES;
				COPY_PHASE_STRIP = NO;
				DEBUG_INFORMATION_FORMAT = "dwarf-with-dsym";
				ENABLE_NS_ASSERTIONS = NO;
				ENABLE_STRICT_OBJC_MSGSEND = YES;
				GCC_C_LANGUAGE_STANDARD = gnu11;
				GCC_NO_COMMON_BLOCKS = YES;
				GCC_WARN_64_TO_32_BIT_CONVERSION = YES;
				GCC_WARN_ABOUT_RETURN_TYPE = YES_ERROR;
				GCC_WARN_UNDECLARED_SELECTOR = YES;
				GCC_WARN_UNINITIALIZED_AUTOS = YES_AGGRESSIVE;
				GCC_WARN_UNUSED_FUNCTION = YES;
				GCC_WARN_UNUSED_VARIABLE = YES;
				IPHONEOS_DEPLOYMENT_TARGET = 13.1;
				MTL_ENABLE_DEBUG_INFO = NO;
				MTL_FAST_MATH = YES;
				SDKROOT = iphoneos;
				SWIFT_COMPILATION_MODE = wholemodule;
				SWIFT_OPTIMIZATION_LEVEL = "-O";
				VALIDATE_PRODUCT = YES;
			};
			name = Release;
		};
		9FF6AD8D23941F410026063D /* Debug */ = {
			isa = XCBuildConfiguration;
			buildSettings = {
				ASSETCATALOG_COMPILER_APPICON_NAME = AppIcon;
				CODE_SIGN_STYLE = Automatic;
				DEVELOPMENT_ASSET_PATHS = "\"Lazy Pop SwiftUI/Preview Content\"";
				DEVELOPMENT_TEAM = B3GJXRTH64;
				ENABLE_PREVIEWS = YES;
				INFOPLIST_FILE = "Lazy Pop SwiftUI/Info.plist";
				LD_RUNPATH_SEARCH_PATHS = (
					"$(inherited)",
					"@executable_path/Frameworks",
				);
				PRODUCT_BUNDLE_IDENTIFIER = "io.joehinkle.Lazy-Pop-SwiftUI";
				PRODUCT_NAME = "$(TARGET_NAME)";
				SWIFT_VERSION = 5.0;
				TARGETED_DEVICE_FAMILY = "1,2";
			};
			name = Debug;
		};
		9FF6AD8E23941F410026063D /* Release */ = {
			isa = XCBuildConfiguration;
			buildSettings = {
				ASSETCATALOG_COMPILER_APPICON_NAME = AppIcon;
				CODE_SIGN_STYLE = Automatic;
				DEVELOPMENT_ASSET_PATHS = "\"Lazy Pop SwiftUI/Preview Content\"";
				DEVELOPMENT_TEAM = B3GJXRTH64;
				ENABLE_PREVIEWS = YES;
				INFOPLIST_FILE = "Lazy Pop SwiftUI/Info.plist";
				LD_RUNPATH_SEARCH_PATHS = (
					"$(inherited)",
					"@executable_path/Frameworks",
				);
				PRODUCT_BUNDLE_IDENTIFIER = "io.joehinkle.Lazy-Pop-SwiftUI";
				PRODUCT_NAME = "$(TARGET_NAME)";
				SWIFT_VERSION = 5.0;
				TARGETED_DEVICE_FAMILY = "1,2";
			};
			name = Release;
		};
/* End XCBuildConfiguration section */

/* Begin XCConfigurationList section */
		9FF6AD7323941F400026063D /* Build configuration list for PBXProject "Lazy Pop SwiftUI" */ = {
			isa = XCConfigurationList;
			buildConfigurations = (
				9FF6AD8A23941F410026063D /* Debug */,
				9FF6AD8B23941F410026063D /* Release */,
			);
			defaultConfigurationIsVisible = 0;
			defaultConfigurationName = Release;
		};
		9FF6AD8C23941F410026063D /* Build configuration list for PBXNativeTarget "Lazy Pop SwiftUI" */ = {
			isa = XCConfigurationList;
			buildConfigurations = (
				9FF6AD8D23941F410026063D /* Debug */,
				9FF6AD8E23941F410026063D /* Release */,
			);
			defaultConfigurationIsVisible = 0;
			defaultConfigurationName = Release;
		};
/* End XCConfigurationList section */
	};
	rootObject = 9FF6AD7023941F400026063D /* Project object */;
}
